
Microsoft Visual Studio Solution File, Format Version 12.00
# Visual Studio Version 17
VisualStudioVersion = 17.6.33829.357
MinimumVisualStudioVersion = 10.0.40219.1
Project("{8BC9CEB8-8B4A-11D0-8D11-00A0C91BC942}") = "MTSortingByChoiceHW3.1", "MTSortingByChoiceHW3.1.vcxproj", "{AB76655F-E41C-49D2-94F3-14E4618CF537}"
EndProject
Global
	GlobalSection(SolutionConfigurationPlatforms) = preSolution
		Debug|x64 = Debug|x64
		Debug|x86 = Debug|x86
		Release|x64 = Release|x64
		Release|x86 = Release|x86
	EndGlobalSection
	GlobalSection(ProjectConfigurationPlatforms) = postSolution
		{AB76655F-E41C-49D2-94F3-14E4618CF537}.Debug|x64.ActiveCfg = Debug|x64
		{AB76655F-E41C-49D2-94F3-14E4618CF537}.Debug|x64.Build.0 = Debug|x64
		{AB76655F-E41C-49D2-94F3-14E4618CF537}.Debug|x86.ActiveCfg = Debug|Win32
		{AB76655F-E41C-49D2-94F3-14E4618CF537}.Debug|x86.Build.0 = Debug|Win32
		{AB76655F-E41C-49D2-94F3-14E4618CF537}.Release|x64.ActiveCfg = Release|x64
		{AB76655F-E41C-49D2-94F3-14E4618CF537}.Release|x64.Build.0 = Release|x64
		{AB76655F-E41C-49D2-94F3-14E4618CF537}.Release|x86.ActiveCfg = Release|Win32
		{AB76655F-E41C-49D2-94F3-14E4618CF537}.Release|x86.Build.0 = Release|Win32
	EndGlobalSection
	GlobalSection(SolutionProperties) = preSolution
		HideSolutionNode = FALSE
	EndGlobalSection
	GlobalSection(ExtensibilityGlobals) = postSolution
		SolutionGuid = {20D9679E-DDF9-4F4F-93D2-D9B9A6CA6F9F}
	EndGlobalSection
EndGlobal
